
Microsoft Visual Studio Solution File, Format Version 12.00
# Visual Studio Version 17
VisualStudioVersion = 17.9.34728.123
MinimumVisualStudioVersion = 10.0.40219.1
Project("{FAE04EC0-301F-11D3-BF4B-00C04F79EFBC}") = "Attendance Management System", "Attendance MAnagement System\Attendance Management System.csproj", "{649D3922-88D1-4B46-A192-FF7F8D702CD4}"
EndProject
Global
	GlobalSection(SolutionConfigurationPlatforms) = preSolution
		Debug|Any CPU = Debug|Any CPU
		Release|Any CPU = Release|Any CPU
	EndGlobalSection
	GlobalSection(ProjectConfigurationPlatforms) = postSolution
		{649D3922-88D1-4B46-A192-FF7F8D702CD4}.Debug|Any CPU.ActiveCfg = Debug|Any CPU
		{649D3922-88D1-4B46-A192-FF7F8D702CD4}.Debug|Any CPU.Build.0 = Debug|Any CPU
		{649D3922-88D1-4B46-A192-FF7F8D702CD4}.Release|Any CPU.ActiveCfg = Release|Any CPU
		{649D3922-88D1-4B46-A192-FF7F8D702CD4}.Release|Any CPU.Build.0 = Release|Any CPU
	EndGlobalSection
	GlobalSection(SolutionProperties) = preSolution
		HideSolutionNode = FALSE
	EndGlobalSection
	GlobalSection(ExtensibilityGlobals) = postSolution
		SolutionGuid = {1D8390B5-E2B3-4023-8C6C-89099CEE4D60}
	EndGlobalSection
EndGlobal
